<?xml version="1.0" encoding="utf-8"?>
<Project ToolsVersion="4.0" xmlns="http://schemas.microsoft.com/developer/msbuild/2003">
  <ItemGroup>
    <Filter Include="Core">
      <UniqueIdentifier>{2EB4837C-1AEB-840D-C3D7-6A10AFED000F}</UniqueIdentifier>
    </Filter>
    <Filter Include="Platform">
      <UniqueIdentifier>{2AC788B4-1694-E3BF-3FAD-D1672BD9184E}</UniqueIdentifier>
    </Filter>
    <Filter Include="Platform\GLFW">
      <UniqueIdentifier>{A98C9061-154D-0C98-DE87-55154A075174}</UniqueIdentifier>
    </Filter>
    <Filter Include="Platform\OpenGL">
      <UniqueIdentifier>{1E7D2C1D-8A08-9AE1-9319-1DD6FF23F6E1}</UniqueIdentifier>
    </Filter>
  </ItemGroup>
  <ItemGroup>
    <ClInclude Include="src\Application.h" />
    <ClInclude Include="src\InitializeImGui.h" />
    <ClInclude Include="src\Log.h" />
    <ClInclude Include="src\Platform\GLFW\ImGUIGLFWImpl.h">
      <Filter>Platform\GLFW</Filter>
    </ClInclude>
    <ClInclude Include="src\Platform\OpenGL\ImGuiOpenGLImpl.h">
      <Filter>Platform\OpenGL</Filter>
    </ClInclude>
    <ClInclude Include="src\Platform\OpenGL\ImGuiOpenGLLoader.h">
      <Filter>Platform\OpenGL</Filter>
    </ClInclude>
    <ClInclude Include="src\Core\PortAudio.h" />
    <ClInclude Include="src\Core\AudioIO.h" />
  </ItemGroup>
  <ItemGroup>
    <ClCompile Include="src\Application.cpp" />
    <ClCompile Include="src\InitializeImGui.cpp" />
    <ClCompile Include="src\Log.cpp" />
    <ClCompile Include="src\Platform\GLFW\ImGuiGLFWImpl.cpp">
      <Filter>Platform\GLFW</Filter>
    </ClCompile>
    <ClCompile Include="src\Platform\OpenGL\ImGuiOpenGLImpl.cpp">
      <Filter>Platform\OpenGL</Filter>
    </ClCompile>
    <ClCompile Include="src\Core\PortAudio.cpp" />
    <ClCompile Include="src\Core\AudioIO.cpp" />
  </ItemGroup>
</Project>